
Microsoft Visual Studio Solution File, Format Version 12.00
# Visual Studio Version 16
VisualStudioVersion = 16.0.29709.97
MinimumVisualStudioVersion = 10.0.40219.1
Project("{9A19103F-16F7-4668-BE54-9A1E7A4F7556}") = "myoddweb.commandlineparser", "myoddweb.commandlineparser\myoddweb.commandlineparser.csproj", "{78D5434B-CC25-4535-A67B-4A73862D5181}"
EndProject
Project("{9A19103F-16F7-4668-BE54-9A1E7A4F7556}") = "myoddweb.commandlineparser.tests", "myoddweb.commandlineparser.tests\myoddweb.commandlineparser.tests.csproj", "{3CE209FB-5072-47B4-BA68-30DABC6FAB03}"
EndProject
Global
	GlobalSection(SolutionConfigurationPlatforms) = preSolution
		Debug|Any CPU = Debug|Any CPU
		Release|Any CPU = Release|Any CPU
	EndGlobalSection
	GlobalSection(ProjectConfigurationPlatforms) = postSolution
		{78D5434B-CC25-4535-A67B-4A73862D5181}.Debug|Any CPU.ActiveCfg = Debug|Any CPU
		{78D5434B-CC25-4535-A67B-4A73862D5181}.Debug|Any CPU.Build.0 = Debug|Any CPU
		{78D5434B-CC25-4535-A67B-4A73862D5181}.Release|Any CPU.ActiveCfg = Release|Any CPU
		{78D5434B-CC25-4535-A67B-4A73862D5181}.Release|Any CPU.Build.0 = Release|Any CPU
		{3CE209FB-5072-47B4-BA68-30DABC6FAB03}.Debug|Any CPU.ActiveCfg = Debug|Any CPU
		{3CE209FB-5072-47B4-BA68-30DABC6FAB03}.Debug|Any CPU.Build.0 = Debug|Any CPU
		{3CE209FB-5072-47B4-BA68-30DABC6FAB03}.Release|Any CPU.ActiveCfg = Release|Any CPU
		{3CE209FB-5072-47B4-BA68-30DABC6FAB03}.Release|Any CPU.Build.0 = Release|Any CPU
	EndGlobalSection
	GlobalSection(SolutionProperties) = preSolution
		HideSolutionNode = FALSE
	EndGlobalSection
	GlobalSection(ExtensibilityGlobals) = postSolution
		SolutionGuid = {5BE07656-03C3-4208-8B39-D9679C1D953C}
	EndGlobalSection
EndGlobal
